// !$*UTF8*$!
{
	archiveVersion = 1;
	classes = {
	};
	objectVersion = 56;
	objects = {

/* Begin PBXBuildFile section */
		9B4CB9182A729D0900EF3C9E /* AppDelegate.swift in Sources */ = {isa = PBXBuildFile; fileRef = 9B4CB9172A729D0900EF3C9E /* AppDelegate.swift */; };
		9B4CB91A2A729D0900EF3C9E /* SceneDelegate.swift in Sources */ = {isa = PBXBuildFile; fileRef = 9B4CB9192A729D0900EF3C9E /* SceneDelegate.swift */; };
		9B4CB91C2A729D0900EF3C9E /* ViewController.swift in Sources */ = {isa = PBXBuildFile; fileRef = 9B4CB91B2A729D0900EF3C9E /* ViewController.swift */; };
		9B4CB91F2A729D0900EF3C9E /* Main.storyboard in Resources */ = {isa = PBXBuildFile; fileRef = 9B4CB91D2A729D0900EF3C9E /* Main.storyboard */; };
		9B4CB9212A729D0A00EF3C9E /* Assets.xcassets in Resources */ = {isa = PBXBuildFile; fileRef = 9B4CB9202A729D0A00EF3C9E /* Assets.xcassets */; };
		9B4CB9242A729D0A00EF3C9E /* LaunchScreen.storyboard in Resources */ = {isa = PBXBuildFile; fileRef = 9B4CB9222A729D0A00EF3C9E /* LaunchScreen.storyboard */; };
		9B4CB92F2A729D0A00EF3C9E /* dzTests.swift in Sources */ = {isa = PBXBuildFile; fileRef = 9B4CB92E2A729D0A00EF3C9E /* dzTests.swift */; };
		9B4CB9392A729D0A00EF3C9E /* dzUITests.swift in Sources */ = {isa = PBXBuildFile; fileRef = 9B4CB9382A729D0A00EF3C9E /* dzUITests.swift */; };
		9B4CB93B2A729D0A00EF3C9E /* dzUITestsLaunchTests.swift in Sources */ = {isa = PBXBuildFile; fileRef = 9B4CB93A2A729D0A00EF3C9E /* dzUITestsLaunchTests.swift */; };
/* End PBXBuildFile section */

/* Begin PBXContainerItemProxy section */
		9B4CB92B2A729D0A00EF3C9E /* PBXContainerItemProxy */ = {
			isa = PBXContainerItemProxy;
			containerPortal = 9B4CB90C2A729D0900EF3C9E /* Project object */;
			proxyType = 1;
			remoteGlobalIDString = 9B4CB9132A729D0900EF3C9E;
			remoteInfo = dz;
		};
		9B4CB9352A729D0A00EF3C9E /* PBXContainerItemProxy */ = {
			isa = PBXContainerItemProxy;
			containerPortal = 9B4CB90C2A729D0900EF3C9E /* Project object */;
			proxyType = 1;
			remoteGlobalIDString = 9B4CB9132A729D0900EF3C9E;
			remoteInfo = dz;
		};
/* End PBXContainerItemProxy section */

/* Begin PBXFileReference section */
		9B4CB9142A729D0900EF3C9E /* dz.app */ = {isa = PBXFileReference; explicitFileType = wrapper.application; includeInIndex = 0; path = dz.app; sourceTree = BUILT_PRODUCTS_DIR; };
		9B4CB9172A729D0900EF3C9E /* AppDelegate.swift */ = {isa = PBXFileReference; lastKnownFileType = sourcecode.swift; path = AppDelegate.swift; sourceTree = "<group>"; };
		9B4CB9192A729D0900EF3C9E /* SceneDelegate.swift */ = {isa = PBXFileReference; lastKnownFileType = sourcecode.swift; path = SceneDelegate.swift; sourceTree = "<group>"; };
		9B4CB91B2A729D0900EF3C9E /* ViewController.swift */ = {isa = PBXFileReference; lastKnownFileType = sourcecode.swift; path = ViewController.swift; sourceTree = "<group>"; };
		9B4CB91E2A729D0900EF3C9E /* Base */ = {isa = PBXFileReference; lastKnownFileType = file.storyboard; name = Base; path = Base.lproj/Main.storyboard; sourceTree = "<group>"; };
		9B4CB9202A729D0A00EF3C9E /* Assets.xcassets */ = {isa = PBXFileReference; lastKnownFileType = folder.assetcatalog; path = Assets.xcassets; sourceTree = "<group>"; };
		9B4CB9232A729D0A00EF3C9E /* Base */ = {isa = PBXFileReference; lastKnownFileType = file.storyboard; name = Base; path = Base.lproj/LaunchScreen.storyboard; sourceTree = "<group>"; };
		9B4CB9252A729D0A00EF3C9E /* Info.plist */ = {isa = PBXFileReference; lastKnownFileType = text.plist.xml; path = Info.plist; sourceTree = "<group>"; };
		9B4CB92A2A729D0A00EF3C9E /* dzTests.xctest */ = {isa = PBXFileReference; explicitFileType = wrapper.cfbundle; includeInIndex = 0; path = dzTests.xctest; sourceTree = BUILT_PRODUCTS_DIR; };
		9B4CB92E2A729D0A00EF3C9E /* dzTests.swift */ = {isa = PBXFileReference; lastKnownFileType = sourcecode.swift; path = dzTests.swift; sourceTree = "<group>"; };
		9B4CB9342A729D0A00EF3C9E /* dzUITests.xctest */ = {isa = PBXFileReference; explicitFileType = wrapper.cfbundle; includeInIndex = 0; path = dzUITests.xctest; sourceTree = BUILT_PRODUCTS_DIR; };
		9B4CB9382A729D0A00EF3C9E /* dzUITests.swift */ = {isa = PBXFileReference; lastKnownFileType = sourcecode.swift; path = dzUITests.swift; sourceTree = "<group>"; };
		9B4CB93A2A729D0A00EF3C9E /* dzUITestsLaunchTests.swift */ = {isa = PBXFileReference; lastKnownFileType = sourcecode.swift; path = dzUITestsLaunchTests.swift; sourceTree = "<group>"; };
/* End PBXFileReference section */

/* Begin PBXFrameworksBuildPhase section */
		9B4CB9112A729D0900EF3C9E /* Frameworks */ = {
			isa = PBXFrameworksBuildPhase;
			buildActionMask = 2147483647;
			files = (
			);
			runOnlyForDeploymentPostprocessing = 0;
		};
		9B4CB9272A729D0A00EF3C9E /* Frameworks */ = {
			isa = PBXFrameworksBuildPhase;
			buildActionMask = 2147483647;
			files = (
			);
			runOnlyForDeploymentPostprocessing = 0;
		};
		9B4CB9312A729D0A00EF3C9E /* Frameworks */ = {
			isa = PBXFrameworksBuildPhase;
			buildActionMask = 2147483647;
			files = (
			);
			runOnlyForDeploymentPostprocessing = 0;
		};
/* End PBXFrameworksBuildPhase section */

/* Begin PBXGroup section */
		9B4CB90B2A729D0900EF3C9E = {
			isa = PBXGroup;
			children = (
				9B4CB9162A729D0900EF3C9E /* dz */,
				9B4CB92D2A729D0A00EF3C9E /* dzTests */,
				9B4CB9372A729D0A00EF3C9E /* dzUITests */,
				9B4CB9152A729D0900EF3C9E /* Products */,
			);
			sourceTree = "<group>";
		};
		9B4CB9152A729D0900EF3C9E /* Products */ = {
			isa = PBXGroup;
			children = (
				9B4CB9142A729D0900EF3C9E /* dz.app */,
				9B4CB92A2A729D0A00EF3C9E /* dzTests.xctest */,
				9B4CB9342A729D0A00EF3C9E /* dzUITests.xctest */,
			);
			name = Products;
			sourceTree = "<group>";
		};
		9B4CB9162A729D0900EF3C9E /* dz */ = {
			isa = PBXGroup;
			children = (
				9B4CB9172A729D0900EF3C9E /* AppDelegate.swift */,
				9B4CB9192A729D0900EF3C9E /* SceneDelegate.swift */,
				9B4CB91B2A729D0900EF3C9E /* ViewController.swift */,
				9B4CB91D2A729D0900EF3C9E /* Main.storyboard */,
				9B4CB9202A729D0A00EF3C9E /* Assets.xcassets */,
				9B4CB9222A729D0A00EF3C9E /* LaunchScreen.storyboard */,
				9B4CB9252A729D0A00EF3C9E /* Info.plist */,
			);
			path = dz;
			sourceTree = "<group>";
		};
		9B4CB92D2A729D0A00EF3C9E /* dzTests */ = {
			isa = PBXGroup;
			children = (
				9B4CB92E2A729D0A00EF3C9E /* dzTests.swift */,
			);
			path = dzTests;
			sourceTree = "<group>";
		};
		9B4CB9372A729D0A00EF3C9E /* dzUITests */ = {
			isa = PBXGroup;
			children = (
				9B4CB9382A729D0A00EF3C9E /* dzUITests.swift */,
				9B4CB93A2A729D0A00EF3C9E /* dzUITestsLaunchTests.swift */,
			);
			path = dzUITests;
			sourceTree = "<group>";
		};
/* End PBXGroup section */

/* Begin PBXNativeTarget section */
		9B4CB9132A729D0900EF3C9E /* dz */ = {
			isa = PBXNativeTarget;
			buildConfigurationList = 9B4CB93E2A729D0A00EF3C9E /* Build configuration list for PBXNativeTarget "dz" */;
			buildPhases = (
				9B4CB9102A729D0900EF3C9E /* Sources */,
				9B4CB9112A729D0900EF3C9E /* Frameworks */,
				9B4CB9122A729D0900EF3C9E /* Resources */,
			);
			buildRules = (
			);
			dependencies = (
			);
			name = dz;
			productName = dz;
			productReference = 9B4CB9142A729D0900EF3C9E /* dz.app */;
			productType = "com.apple.product-type.application";
		};
		9B4CB9292A729D0A00EF3C9E /* dzTests */ = {
			isa = PBXNativeTarget;
			buildConfigurationList = 9B4CB9412A729D0A00EF3C9E /* Build configuration list for PBXNativeTarget "dzTests" */;
			buildPhases = (
				9B4CB9262A729D0A00EF3C9E /* Sources */,
				9B4CB9272A729D0A00EF3C9E /* Frameworks */,
				9B4CB9282A729D0A00EF3C9E /* Resources */,
			);
			buildRules = (
			);
			dependencies = (
				9B4CB92C2A729D0A00EF3C9E /* PBXTargetDependency */,
			);
			name = dzTests;
			productName = dzTests;
			productReference = 9B4CB92A2A729D0A00EF3C9E /* dzTests.xctest */;
			productType = "com.apple.product-type.bundle.unit-test";
		};
		9B4CB9332A729D0A00EF3C9E /* dzUITests */ = {
			isa = PBXNativeTarget;
			buildConfigurationList = 9B4CB9442A729D0A00EF3C9E /* Build configuration list for PBXNativeTarget "dzUITests" */;
			buildPhases = (
				9B4CB9302A729D0A00EF3C9E /* Sources */,
				9B4CB9312A729D0A00EF3C9E /* Frameworks */,
				9B4CB9322A729D0A00EF3C9E /* Resources */,
			);
			buildRules = (
			);
			dependencies = (
				9B4CB9362A729D0A00EF3C9E /* PBXTargetDependency */,
			);
			name = dzUITests;
			productName = dzUITests;
			productReference = 9B4CB9342A729D0A00EF3C9E /* dzUITests.xctest */;
			productType = "com.apple.product-type.bundle.ui-testing";
		};
/* End PBXNativeTarget section */

/* Begin PBXProject section */
		9B4CB90C2A729D0900EF3C9E /* Project object */ = {
			isa = PBXProject;
			attributes = {
				BuildIndependentTargetsInParallel = 1;
				LastSwiftUpdateCheck = 1430;
				LastUpgradeCheck = 1430;
				TargetAttributes = {
					9B4CB9132A729D0900EF3C9E = {
						CreatedOnToolsVersion = 14.3.1;
					};
					9B4CB9292A729D0A00EF3C9E = {
						CreatedOnToolsVersion = 14.3.1;
						TestTargetID = 9B4CB9132A729D0900EF3C9E;
					};
					9B4CB9332A729D0A00EF3C9E = {
						CreatedOnToolsVersion = 14.3.1;
						TestTargetID = 9B4CB9132A729D0900EF3C9E;
					};
				};
			};
			buildConfigurationList = 9B4CB90F2A729D0900EF3C9E /* Build configuration list for PBXProject "dz" */;
			compatibilityVersion = "Xcode 14.0";
			developmentRegion = en;
			hasScannedForEncodings = 0;
			knownRegions = (
				en,
				Base,
			);
			mainGroup = 9B4CB90B2A729D0900EF3C9E;
			productRefGroup = 9B4CB9152A729D0900EF3C9E /* Products */;
			projectDirPath = "";
			projectRoot = "";
			targets = (
				9B4CB9132A729D0900EF3C9E /* dz */,
				9B4CB9292A729D0A00EF3C9E /* dzTests */,
				9B4CB9332A729D0A00EF3C9E /* dzUITests */,
			);
		};
/* End PBXProject section */

/* Begin PBXResourcesBuildPhase section */
		9B4CB9122A729D0900EF3C9E /* Resources */ = {
			isa = PBXResourcesBuildPhase;
			buildActionMask = 2147483647;
			files = (
				9B4CB9242A729D0A00EF3C9E /* LaunchScreen.storyboard in Resources */,
				9B4CB9212A729D0A00EF3C9E /* Assets.xcassets in Resources */,
				9B4CB91F2A729D0900EF3C9E /* Main.storyboard in Resources */,
			);
			runOnlyForDeploymentPostprocessing = 0;
		};
		9B4CB9282A729D0A00EF3C9E /* Resources */ = {
			isa = PBXResourcesBuildPhase;
			buildActionMask = 2147483647;
			files = (
			);
			runOnlyForDeploymentPostprocessing = 0;
		};
		9B4CB9322A729D0A00EF3C9E /* Resources */ = {
			isa = PBXResourcesBuildPhase;
			buildActionMask = 2147483647;
			files = (
			);
			runOnlyForDeploymentPostprocessing = 0;
		};
/* End PBXResourcesBuildPhase section */

/* Begin PBXSourcesBuildPhase section */
		9B4CB9102A729D0900EF3C9E /* Sources */ = {
			isa = PBXSourcesBuildPhase;
			buildActionMask = 2147483647;
			files = (
				9B4CB91C2A729D0900EF3C9E /* ViewController.swift in Sources */,
				9B4CB9182A729D0900EF3C9E /* AppDelegate.swift in Sources */,
				9B4CB91A2A729D0900EF3C9E /* SceneDelegate.swift in Sources */,
			);
			runOnlyForDeploymentPostprocessing = 0;
		};
		9B4CB9262A729D0A00EF3C9E /* Sources */ = {
			isa = PBXSourcesBuildPhase;
			buildActionMask = 2147483647;
			files = (
				9B4CB92F2A729D0A00EF3C9E /* dzTests.swift in Sources */,
			);
			runOnlyForDeploymentPostprocessing = 0;
		};
		9B4CB9302A729D0A00EF3C9E /* Sources */ = {
			isa = PBXSourcesBuildPhase;
			buildActionMask = 2147483647;
			files = (
				9B4CB93B2A729D0A00EF3C9E /* dzUITestsLaunchTests.swift in Sources */,
				9B4CB9392A729D0A00EF3C9E /* dzUITests.swift in Sources */,
			);
			runOnlyForDeploymentPostprocessing = 0;
		};
/* End PBXSourcesBuildPhase section */

/* Begin PBXTargetDependency section */
		9B4CB92C2A729D0A00EF3C9E /* PBXTargetDependency */ = {
			isa = PBXTargetDependency;
			target = 9B4CB9132A729D0900EF3C9E /* dz */;
			targetProxy = 9B4CB92B2A729D0A00EF3C9E /* PBXContainerItemProxy */;
		};
		9B4CB9362A729D0A00EF3C9E /* PBXTargetDependency */ = {
			isa = PBXTargetDependency;
			target = 9B4CB9132A729D0900EF3C9E /* dz */;
			targetProxy = 9B4CB9352A729D0A00EF3C9E /* PBXContainerItemProxy */;
		};
/* End PBXTargetDependency section */

/* Begin PBXVariantGroup section */
		9B4CB91D2A729D0900EF3C9E /* Main.storyboard */ = {
			isa = PBXVariantGroup;
			children = (
				9B4CB91E2A729D0900EF3C9E /* Base */,
			);
			name = Main.storyboard;
			sourceTree = "<group>";
		};
		9B4CB9222A729D0A00EF3C9E /* LaunchScreen.storyboard */ = {
			isa = PBXVariantGroup;
			children = (
				9B4CB9232A729D0A00EF3C9E /* Base */,
			);
			name = LaunchScreen.storyboard;
			sourceTree = "<group>";
		};
/* End PBXVariantGroup section */

/* Begin XCBuildConfiguration section */
		9B4CB93C2A729D0A00EF3C9E /* Debug */ = {
			isa = XCBuildConfiguration;
			buildSettings = {
				ALWAYS_SEARCH_USER_PATHS = NO;
				CLANG_ANALYZER_NONNULL = YES;
				CLANG_ANALYZER_NUMBER_OBJECT_CONVERSION = YES_AGGRESSIVE;
				CLANG_CXX_LANGUAGE_STANDARD = "gnu++20";
				CLANG_ENABLE_MODULES = YES;
				CLANG_ENABLE_OBJC_ARC = YES;
				CLANG_ENABLE_OBJC_WEAK = YES;
				CLANG_WARN_BLOCK_CAPTURE_AUTORELEASING = YES;
				CLANG_WARN_BOOL_CONVERSION = YES;
				CLANG_WARN_COMMA = YES;
				CLANG_WARN_CONSTANT_CONVERSION = YES;
				CLANG_WARN_DEPRECATED_OBJC_IMPLEMENTATIONS = YES;
				CLANG_WARN_DIRECT_OBJC_ISA_USAGE = YES_ERROR;
				CLANG_WARN_DOCUMENTATION_COMMENTS = YES;
				CLANG_WARN_EMPTY_BODY = YES;
				CLANG_WARN_ENUM_CONVERSION = YES;
				CLANG_WARN_INFINITE_RECURSION = YES;
				CLANG_WARN_INT_CONVERSION = YES;
				CLANG_WARN_NON_LITERAL_NULL_CONVERSION = YES;
				CLANG_WARN_OBJC_IMPLICIT_RETAIN_SELF = YES;
				CLANG_WARN_OBJC_LITERAL_CONVERSION = YES;
				CLANG_WARN_OBJC_ROOT_CLASS = YES_ERROR;
				CLANG_WARN_QUOTED_INCLUDE_IN_FRAMEWORK_HEADER = YES;
				CLANG_WARN_RANGE_LOOP_ANALYSIS = YES;
				CLANG_WARN_STRICT_PROTOTYPES = YES;
				CLANG_WARN_SUSPICIOUS_MOVE = YES;
				CLANG_WARN_UNGUARDED_AVAILABILITY = YES_AGGRESSIVE;
				CLANG_WARN_UNREACHABLE_CODE = YES;
				CLANG_WARN__DUPLICATE_METHOD_MATCH = YES;
				COPY_PHASE_STRIP = NO;
				DEBUG_INFORMATION_FORMAT = dwarf;
				ENABLE_STRICT_OBJC_MSGSEND = YES;
				ENABLE_TESTABILITY = YES;
				GCC_C_LANGUAGE_STANDARD = gnu11;
				GCC_DYNAMIC_NO_PIC = NO;
				GCC_NO_COMMON_BLOCKS = YES;
				GCC_OPTIMIZATION_LEVEL = 0;
				GCC_PREPROCESSOR_DEFINITIONS = (
					"DEBUG=1",
					"$(inherited)",
				);
				GCC_WARN_64_TO_32_BIT_CONVERSION = YES;
				GCC_WARN_ABOUT_RETURN_TYPE = YES_ERROR;
				GCC_WARN_UNDECLARED_SELECTOR = YES;
				GCC_WARN_UNINITIALIZED_AUTOS = YES_AGGRESSIVE;
				GCC_WARN_UNUSED_FUNCTION = YES;
				GCC_WARN_UNUSED_VARIABLE = YES;
				IPHONEOS_DEPLOYMENT_TARGET = 16.4;
				MTL_ENABLE_DEBUG_INFO = INCLUDE_SOURCE;
				MTL_FAST_MATH = YES;
				ONLY_ACTIVE_ARCH = YES;
				SDKROOT = iphoneos;
				SWIFT_ACTIVE_COMPILATION_CONDITIONS = DEBUG;
				SWIFT_OPTIMIZATION_LEVEL = "-Onone";
			};
			name = Debug;
		};
		9B4CB93D2A729D0A00EF3C9E /* Release */ = {
			isa = XCBuildConfiguration;
			buildSettings = {
				ALWAYS_SEARCH_USER_PATHS = NO;
				CLANG_ANALYZER_NONNULL = YES;
				CLANG_ANALYZER_NUMBER_OBJECT_CONVERSION = YES_AGGRESSIVE;
				CLANG_CXX_LANGUAGE_STANDARD = "gnu++20";
				CLANG_ENABLE_MODULES = YES;
				CLANG_ENABLE_OBJC_ARC = YES;
				CLANG_ENABLE_OBJC_WEAK = YES;
				CLANG_WARN_BLOCK_CAPTURE_AUTORELEASING = YES;
				CLANG_WARN_BOOL_CONVERSION = YES;
				CLANG_WARN_COMMA = YES;
				CLANG_WARN_CONSTANT_CONVERSION = YES;
				CLANG_WARN_DEPRECATED_OBJC_IMPLEMENTATIONS = YES;
				CLANG_WARN_DIRECT_OBJC_ISA_USAGE = YES_ERROR;
				CLANG_WARN_DOCUMENTATION_COMMENTS = YES;
				CLANG_WARN_EMPTY_BODY = YES;
				CLANG_WARN_ENUM_CONVERSION = YES;
				CLANG_WARN_INFINITE_RECURSION = YES;
				CLANG_WARN_INT_CONVERSION = YES;
				CLANG_WARN_NON_LITERAL_NULL_CONVERSION = YES;
				CLANG_WARN_OBJC_IMPLICIT_RETAIN_SELF = YES;
				CLANG_WARN_OBJC_LITERAL_CONVERSION = YES;
				CLANG_WARN_OBJC_ROOT_CLASS = YES_ERROR;
				CLANG_WARN_QUOTED_INCLUDE_IN_FRAMEWORK_HEADER = YES;
				CLANG_WARN_RANGE_LOOP_ANALYSIS = YES;
				CLANG_WARN_STRICT_PROTOTYPES = YES;
				CLANG_WARN_SUSPICIOUS_MOVE = YES;
				CLANG_WARN_UNGUARDED_AVAILABILITY = YES_AGGRESSIVE;
				CLANG_WARN_UNREACHABLE_CODE = YES;
				CLANG_WARN__DUPLICATE_METHOD_MATCH = YES;
				COPY_PHASE_STRIP = NO;
				DEBUG_INFORMATION_FORMAT = "dwarf-with-dsym";
				ENABLE_NS_ASSERTIONS = NO;
				ENABLE_STRICT_OBJC_MSGSEND = YES;
				GCC_C_LANGUAGE_STANDARD = gnu11;
				GCC_NO_COMMON_BLOCKS = YES;
				GCC_WARN_64_TO_32_BIT_CONVERSION = YES;
				GCC_WARN_ABOUT_RETURN_TYPE = YES_ERROR;
				GCC_WARN_UNDECLARED_SELECTOR = YES;
				GCC_WARN_UNINITIALIZED_AUTOS = YES_AGGRESSIVE;
				GCC_WARN_UNUSED_FUNCTION = YES;
				GCC_WARN_UNUSED_VARIABLE = YES;
				IPHONEOS_DEPLOYMENT_TARGET = 16.4;
				MTL_ENABLE_DEBUG_INFO = NO;
				MTL_FAST_MATH = YES;
				SDKROOT = iphoneos;
				SWIFT_COMPILATION_MODE = wholemodule;
				SWIFT_OPTIMIZATION_LEVEL = "-O";
				VALIDATE_PRODUCT = YES;
			};
			name = Release;
		};
		9B4CB93F2A729D0A00EF3C9E /* Debug */ = {
			isa = XCBuildConfiguration;
			buildSettings = {
				ASSETCATALOG_COMPILER_APPICON_NAME = AppIcon;
				ASSETCATALOG_COMPILER_GLOBAL_ACCENT_COLOR_NAME = AccentColor;
				CODE_SIGN_STYLE = Automatic;
				CURRENT_PROJECT_VERSION = 1;
				DEVELOPMENT_TEAM = 6968GMK3RG;
				GENERATE_INFOPLIST_FILE = YES;
				INFOPLIST_FILE = dz/Info.plist;
				INFOPLIST_KEY_UIApplicationSupportsIndirectInputEvents = YES;
				INFOPLIST_KEY_UILaunchStoryboardName = LaunchScreen;
				INFOPLIST_KEY_UIMainStoryboardFile = Main;
				INFOPLIST_KEY_UISupportedInterfaceOrientations_iPad = "UIInterfaceOrientationPortrait UIInterfaceOrientationPortraitUpsideDown UIInterfaceOrientationLandscapeLeft UIInterfaceOrientationLandscapeRight";
				INFOPLIST_KEY_UISupportedInterfaceOrientations_iPhone = "UIInterfaceOrientationPortrait UIInterfaceOrientationLandscapeLeft UIInterfaceOrientationLandscapeRight";
				LD_RUNPATH_SEARCH_PATHS = (
					"$(inherited)",
					"@executable_path/Frameworks",
				);
				MARKETING_VERSION = 1.0;
				PRODUCT_BUNDLE_IDENTIFIER = DMyachin.dz;
				PRODUCT_NAME = "$(TARGET_NAME)";
				SWIFT_EMIT_LOC_STRINGS = YES;
				SWIFT_VERSION = 5.0;
				TARGETED_DEVICE_FAMILY = "1,2";
			};
			name = Debug;
		};
		9B4CB9402A729D0A00EF3C9E /* Release */ = {
			isa = XCBuildConfiguration;
			buildSettings = {
				ASSETCATALOG_COMPILER_APPICON_NAME = AppIcon;
				ASSETCATALOG_COMPILER_GLOBAL_ACCENT_COLOR_NAME = AccentColor;
				CODE_SIGN_STYLE = Automatic;
				CURRENT_PROJECT_VERSION = 1;
				DEVELOPMENT_TEAM = 6968GMK3RG;
				GENERATE_INFOPLIST_FILE = YES;
				INFOPLIST_FILE = dz/Info.plist;
				INFOPLIST_KEY_UIApplicationSupportsIndirectInputEvents = YES;
				INFOPLIST_KEY_UILaunchStoryboardName = LaunchScreen;
				INFOPLIST_KEY_UIMainStoryboardFile = Main;
				INFOPLIST_KEY_UISupportedInterfaceOrientations_iPad = "UIInterfaceOrientationPortrait UIInterfaceOrientationPortraitUpsideDown UIInterfaceOrientationLandscapeLeft UIInterfaceOrientationLandscapeRight";
				INFOPLIST_KEY_UISupportedInterfaceOrientations_iPhone = "UIInterfaceOrientationPortrait UIInterfaceOrientationLandscapeLeft UIInterfaceOrientationLandscapeRight";
				LD_RUNPATH_SEARCH_PATHS = (
					"$(inherited)",
					"@executable_path/Frameworks",
				);
				MARKETING_VERSION = 1.0;
				PRODUCT_BUNDLE_IDENTIFIER = DMyachin.dz;
				PRODUCT_NAME = "$(TARGET_NAME)";
				SWIFT_EMIT_LOC_STRINGS = YES;
				SWIFT_VERSION = 5.0;
				TARGETED_DEVICE_FAMILY = "1,2";
			};
			name = Release;
		};
		9B4CB9422A729D0A00EF3C9E /* Debug */ = {
			isa = XCBuildConfiguration;
			buildSettings = {
				ALWAYS_EMBED_SWIFT_STANDARD_LIBRARIES = YES;
				BUNDLE_LOADER = "$(TEST_HOST)";
				CODE_SIGN_STYLE = Automatic;
				CURRENT_PROJECT_VERSION = 1;
				DEVELOPMENT_TEAM = 6968GMK3RG;
				GENERATE_INFOPLIST_FILE = YES;
				IPHONEOS_DEPLOYMENT_TARGET = 16.4;
				MARKETING_VERSION = 1.0;
				PRODUCT_BUNDLE_IDENTIFIER = DMyachin.dzTests;
				PRODUCT_NAME = "$(TARGET_NAME)";
				SWIFT_EMIT_LOC_STRINGS = NO;
				SWIFT_VERSION = 5.0;
				TARGETED_DEVICE_FAMILY = "1,2";
				TEST_HOST = "$(BUILT_PRODUCTS_DIR)/dz.app/$(BUNDLE_EXECUTABLE_FOLDER_PATH)/dz";
			};
			name = Debug;
		};
		9B4CB9432A729D0A00EF3C9E /* Release */ = {
			isa = XCBuildConfiguration;
			buildSettings = {
				ALWAYS_EMBED_SWIFT_STANDARD_LIBRARIES = YES;
				BUNDLE_LOADER = "$(TEST_HOST)";
				CODE_SIGN_STYLE = Automatic;
				CURRENT_PROJECT_VERSION = 1;
				DEVELOPMENT_TEAM = 6968GMK3RG;
				GENERATE_INFOPLIST_FILE = YES;
				IPHONEOS_DEPLOYMENT_TARGET = 16.4;
				MARKETING_VERSION = 1.0;
				PRODUCT_BUNDLE_IDENTIFIER = DMyachin.dzTests;
				PRODUCT_NAME = "$(TARGET_NAME)";
				SWIFT_EMIT_LOC_STRINGS = NO;
				SWIFT_VERSION = 5.0;
				TARGETED_DEVICE_FAMILY = "1,2";
				TEST_HOST = "$(BUILT_PRODUCTS_DIR)/dz.app/$(BUNDLE_EXECUTABLE_FOLDER_PATH)/dz";
			};
			name = Release;
		};
		9B4CB9452A729D0A00EF3C9E /* Debug */ = {
			isa = XCBuildConfiguration;
			buildSettings = {
				ALWAYS_EMBED_SWIFT_STANDARD_LIBRARIES = YES;
				CODE_SIGN_STYLE = Automatic;
				CURRENT_PROJECT_VERSION = 1;
				DEVELOPMENT_TEAM = 6968GMK3RG;
				GENERATE_INFOPLIST_FILE = YES;
				MARKETING_VERSION = 1.0;
				PRODUCT_BUNDLE_IDENTIFIER = DMyachin.dzUITests;
				PRODUCT_NAME = "$(TARGET_NAME)";
				SWIFT_EMIT_LOC_STRINGS = NO;
				SWIFT_VERSION = 5.0;
				TARGETED_DEVICE_FAMILY = "1,2";
				TEST_TARGET_NAME = dz;
			};
			name = Debug;
		};
		9B4CB9462A729D0A00EF3C9E /* Release */ = {
			isa = XCBuildConfiguration;
			buildSettings = {
				ALWAYS_EMBED_SWIFT_STANDARD_LIBRARIES = YES;
				CODE_SIGN_STYLE = Automatic;
				CURRENT_PROJECT_VERSION = 1;
				DEVELOPMENT_TEAM = 6968GMK3RG;
				GENERATE_INFOPLIST_FILE = YES;
				MARKETING_VERSION = 1.0;
				PRODUCT_BUNDLE_IDENTIFIER = DMyachin.dzUITests;
				PRODUCT_NAME = "$(TARGET_NAME)";
				SWIFT_EMIT_LOC_STRINGS = NO;
				SWIFT_VERSION = 5.0;
				TARGETED_DEVICE_FAMILY = "1,2";
				TEST_TARGET_NAME = dz;
			};
			name = Release;
		};
/* End XCBuildConfiguration section */

/* Begin XCConfigurationList section */
		9B4CB90F2A729D0900EF3C9E /* Build configuration list for PBXProject "dz" */ = {
			isa = XCConfigurationList;
			buildConfigurations = (
				9B4CB93C2A729D0A00EF3C9E /* Debug */,
				9B4CB93D2A729D0A00EF3C9E /* Release */,
			);
			defaultConfigurationIsVisible = 0;
			defaultConfigurationName = Release;
		};
		9B4CB93E2A729D0A00EF3C9E /* Build configuration list for PBXNativeTarget "dz" */ = {
			isa = XCConfigurationList;
			buildConfigurations = (
				9B4CB93F2A729D0A00EF3C9E /* Debug */,
				9B4CB9402A729D0A00EF3C9E /* Release */,
			);
			defaultConfigurationIsVisible = 0;
			defaultConfigurationName = Release;
		};
		9B4CB9412A729D0A00EF3C9E /* Build configuration list for PBXNativeTarget "dzTests" */ = {
			isa = XCConfigurationList;
			buildConfigurations = (
				9B4CB9422A729D0A00EF3C9E /* Debug */,
				9B4CB9432A729D0A00EF3C9E /* Release */,
			);
			defaultConfigurationIsVisible = 0;
			defaultConfigurationName = Release;
		};
		9B4CB9442A729D0A00EF3C9E /* Build configuration list for PBXNativeTarget "dzUITests" */ = {
			isa = XCConfigurationList;
			buildConfigurations = (
				9B4CB9452A729D0A00EF3C9E /* Debug */,
				9B4CB9462A729D0A00EF3C9E /* Release */,
			);
			defaultConfigurationIsVisible = 0;
			defaultConfigurationName = Release;
		};
/* End XCConfigurationList section */
	};
	rootObject = 9B4CB90C2A729D0900EF3C9E /* Project object */;
}
